
Microsoft Visual Studio Solution File, Format Version 12.00
# Visual Studio Version 17
VisualStudioVersion = 17.5.33424.131
MinimumVisualStudioVersion = 10.0.40219.1
Project("{FAE04EC0-301F-11D3-BF4B-00C04F79EFBC}") = "thaw4", "thaw4\thaw4.csproj", "{6B627D02-75B9-47DB-92BB-6949553AEB81}"
EndProject
Global
	GlobalSection(SolutionConfigurationPlatforms) = preSolution
		Debug|Any CPU = Debug|Any CPU
		Release|Any CPU = Release|Any CPU
	EndGlobalSection
	GlobalSection(ProjectConfigurationPlatforms) = postSolution
		{6B627D02-75B9-47DB-92BB-6949553AEB81}.Debug|Any CPU.ActiveCfg = Debug|Any CPU
		{6B627D02-75B9-47DB-92BB-6949553AEB81}.Debug|Any CPU.Build.0 = Debug|Any CPU
		{6B627D02-75B9-47DB-92BB-6949553AEB81}.Release|Any CPU.ActiveCfg = Release|Any CPU
		{6B627D02-75B9-47DB-92BB-6949553AEB81}.Release|Any CPU.Build.0 = Release|Any CPU
	EndGlobalSection
	GlobalSection(SolutionProperties) = preSolution
		HideSolutionNode = FALSE
	EndGlobalSection
	GlobalSection(ExtensibilityGlobals) = postSolution
		SolutionGuid = {B9B31FA0-087E-447F-82AC-17B67C6A9152}
	EndGlobalSection
EndGlobal
