
Microsoft Visual Studio Solution File, Format Version 12.00
# Visual Studio Version 17
VisualStudioVersion = 17.5.33424.131
MinimumVisualStudioVersion = 10.0.40219.1
Project("{FAE04EC0-301F-11D3-BF4B-00C04F79EFBC}") = "thaw5", "thaw5\thaw5.csproj", "{4C808631-31EC-4096-9DC1-0565D172ED10}"
EndProject
Global
	GlobalSection(SolutionConfigurationPlatforms) = preSolution
		Debug|Any CPU = Debug|Any CPU
		Release|Any CPU = Release|Any CPU
	EndGlobalSection
	GlobalSection(ProjectConfigurationPlatforms) = postSolution
		{4C808631-31EC-4096-9DC1-0565D172ED10}.Debug|Any CPU.ActiveCfg = Debug|Any CPU
		{4C808631-31EC-4096-9DC1-0565D172ED10}.Debug|Any CPU.Build.0 = Debug|Any CPU
		{4C808631-31EC-4096-9DC1-0565D172ED10}.Release|Any CPU.ActiveCfg = Release|Any CPU
		{4C808631-31EC-4096-9DC1-0565D172ED10}.Release|Any CPU.Build.0 = Release|Any CPU
	EndGlobalSection
	GlobalSection(SolutionProperties) = preSolution
		HideSolutionNode = FALSE
	EndGlobalSection
	GlobalSection(ExtensibilityGlobals) = postSolution
		SolutionGuid = {5AC5A960-E781-4F44-BE9F-DB9AD935E1EB}
	EndGlobalSection
EndGlobal
